<?xml version="1.0" encoding="UTF-8"?>
<!DOCTYPE plist PUBLIC "-//Apple//DTD PLIST 1.0//EN" "http://www.apple.com/DTDs/PropertyList-1.0.dtd">
<plist version="1.0">
<dict>
	<key>archiveVersion</key>
	<string>1</string>
	<key>classes</key>
	<dict/>
	<key>objectVersion</key>
	<string>46</string>
	<key>objects</key>
	<dict>
		<key>207525CD18579D7400E2B6F2</key>
		<dict>
			<key>children</key>
			<array>
				<string>20D12E24184F01E700102B82</string>
				<string>20D12E25184F01E700102B82</string>
				<string>20D12E27184F105F00102B82</string>
				<string>20D12E28184F105F00102B82</string>
			</array>
			<key>isa</key>
			<string>PBXGroup</string>
			<key>name</key>
			<string>List</string>
			<key>sourceTree</key>
			<string>&lt;group&gt;</string>
		</dict>
		<key>207525CE18579D7B00E2B6F2</key>
		<dict>
			<key>children</key>
			<array>
				<string>207525D71857AF4900E2B6F2</string>
				<string>207525D81857AF4900E2B6F2</string>
				<string>207525DA1857C6BD00E2B6F2</string>
				<string>207525DB1857C6BD00E2B6F2</string>
			</array>
			<key>isa</key>
			<string>PBXGroup</string>
			<key>name</key>
			<string>Drill Down</string>
			<key>sourceTree</key>
			<string>&lt;group&gt;</string>
		</dict>
		<key>207525CF18579D7F00E2B6F2</key>
		<dict>
			<key>children</key>
			<array/>
			<key>isa</key>
			<string>PBXGroup</string>
			<key>name</key>
			<string>Voice</string>
			<key>sourceTree</key>
			<string>&lt;group&gt;</string>
		</dict>
		<key>207525D018579D8500E2B6F2</key>
		<dict>
			<key>children</key>
			<array/>
			<key>isa</key>
			<string>PBXGroup</string>
			<key>name</key>
			<string>Image</string>
			<key>sourceTree</key>
			<string>&lt;group&gt;</string>
		</dict>
		<key>207525D118579D9300E2B6F2</key>
		<dict>
			<key>children</key>
			<array>
				<string>20D12E1A184F006300102B82</string>
				<string>20D12E1B184F006300102B82</string>
				<string>207525D31857A02C00E2B6F2</string>
				<string>207525D41857A02C00E2B6F2</string>
				<string>207525D61857A18400E2B6F2</string>
			</array>
			<key>isa</key>
			<string>PBXGroup</string>
			<key>name</key>
			<string>Common</string>
			<key>sourceTree</key>
			<string>&lt;group&gt;</string>
		</dict>
		<key>207525D218579DC000E2B6F2</key>
		<dict>
			<key>children</key>
			<array>
				<string>20D12E14184EF77E00102B82</string>
				<string>20D12E15184EF77E00102B82</string>
				<string>20D12E17184EF8AB00102B82</string>
				<string>20D12E18184EF8AB00102B82</string>
				<string>20D12E20184F008B00102B82</string>
				<string>20D12E21184F008B00102B82</string>
			</array>
			<key>isa</key>
			<string>PBXGroup</string>
			<key>name</key>
			<string>Customer</string>
			<key>sourceTree</key>
			<string>&lt;group&gt;</string>
		</dict>
		<key>207525D31857A02C00E2B6F2</key>
		<dict>
			<key>fileEncoding</key>
			<string>4</string>
			<key>isa</key>
			<string>PBXFileReference</string>
			<key>lastKnownFileType</key>
			<string>sourcecode.c.h</string>
			<key>path</key>
			<string>EstimateViewSelectionController.h</string>
			<key>sourceTree</key>
			<string>&lt;group&gt;</string>
		</dict>
		<key>207525D41857A02C00E2B6F2</key>
		<dict>
			<key>fileEncoding</key>
			<string>4</string>
			<key>isa</key>
			<string>PBXFileReference</string>
			<key>lastKnownFileType</key>
			<string>sourcecode.c.objc</string>
			<key>path</key>
			<string>EstimateViewSelectionController.m</string>
			<key>sourceTree</key>
			<string>&lt;group&gt;</string>
		</dict>
		<key>207525D51857A02C00E2B6F2</key>
		<dict>
			<key>fileRef</key>
			<string>207525D41857A02C00E2B6F2</string>
			<key>isa</key>
			<string>PBXBuildFile</string>
		</dict>
		<key>207525D61857A18400E2B6F2</key>
		<dict>
			<key>isa</key>
			<string>PBXFileReference</string>
			<key>lastKnownFileType</key>
			<string>sourcecode.c.h</string>
			<key>path</key>
			<string>EstimateInputMethod.h</string>
			<key>sourceTree</key>
			<string>&lt;group&gt;</string>
		</dict>
		<key>207525D71857AF4900E2B6F2</key>
		<dict>
			<key>fileEncoding</key>
			<string>4</string>
			<key>isa</key>
			<string>PBXFileReference</string>
			<key>lastKnownFileType</key>
			<string>sourcecode.c.h</string>
			<key>path</key>
			<string>DrillDownPrimaryViewController.h</string>
			<key>sourceTree</key>
			<string>&lt;group&gt;</string>
		</dict>
		<key>207525D81857AF4900E2B6F2</key>
		<dict>
			<key>fileEncoding</key>
			<string>4</string>
			<key>isa</key>
			<string>PBXFileReference</string>
			<key>lastKnownFileType</key>
			<string>sourcecode.c.objc</string>
			<key>path</key>
			<string>DrillDownPrimaryViewController.m</string>
			<key>sourceTree</key>
			<string>&lt;group&gt;</string>
		</dict>
		<key>207525D91857AF4900E2B6F2</key>
		<dict>
			<key>fileRef</key>
			<string>207525D81857AF4900E2B6F2</string>
			<key>isa</key>
			<string>PBXBuildFile</string>
		</dict>
		<key>207525DA1857C6BD00E2B6F2</key>
		<dict>
			<key>fileEncoding</key>
			<string>4</string>
			<key>isa</key>
			<string>PBXFileReference</string>
			<key>lastKnownFileType</key>
			<string>sourcecode.c.h</string>
			<key>path</key>
			<string>DrillDownSecondaryViewController.h</string>
			<key>sourceTree</key>
			<string>&lt;group&gt;</string>
		</dict>
		<key>207525DB1857C6BD00E2B6F2</key>
		<dict>
			<key>fileEncoding</key>
			<string>4</string>
			<key>isa</key>
			<string>PBXFileReference</string>
			<key>lastKnownFileType</key>
			<string>sourcecode.c.objc</string>
			<key>path</key>
			<string>DrillDownSecondaryViewController.m</string>
			<key>sourceTree</key>
			<string>&lt;group&gt;</string>
		</dict>
		<key>207525DC1857C6BD00E2B6F2</key>
		<dict>
			<key>fileRef</key>
			<string>207525DB1857C6BD00E2B6F2</string>
			<key>isa</key>
			<string>PBXBuildFile</string>
		</dict>
		<key>20D12DCD184ED00D00102B82</key>
		<dict>
			<key>children</key>
			<array>
				<string>20D12DDF184ED00D00102B82</string>
				<string>20D12E01184ED00D00102B82</string>
				<string>20D12DD8184ED00D00102B82</string>
				<string>20D12DD7184ED00D00102B82</string>
				<string>C7AF3046DC33424A99A38E7A</string>
			</array>
			<key>isa</key>
			<string>PBXGroup</string>
			<key>sourceTree</key>
			<string>&lt;group&gt;</string>
		</dict>
		<key>20D12DCE184ED00D00102B82</key>
		<dict>
			<key>attributes</key>
			<dict>
				<key>LastUpgradeCheck</key>
				<string>0500</string>
				<key>ORGANIZATIONNAME</key>
				<string>Everpilot</string>
				<key>TargetAttributes</key>
				<dict>
					<key>20D12DF9184ED00D00102B82</key>
					<dict>
						<key>TestTargetID</key>
						<string>20D12DD5184ED00D00102B82</string>
					</dict>
				</dict>
			</dict>
			<key>buildConfigurationList</key>
			<string>20D12DD1184ED00D00102B82</string>
			<key>compatibilityVersion</key>
			<string>Xcode 3.2</string>
			<key>developmentRegion</key>
			<string>English</string>
			<key>hasScannedForEncodings</key>
			<string>0</string>
			<key>isa</key>
			<string>PBXProject</string>
			<key>knownRegions</key>
			<array>
				<string>en</string>
				<string>Base</string>
			</array>
			<key>mainGroup</key>
			<string>20D12DCD184ED00D00102B82</string>
			<key>productRefGroup</key>
			<string>20D12DD7184ED00D00102B82</string>
			<key>projectDirPath</key>
			<string></string>
			<key>projectReferences</key>
			<array/>
			<key>projectRoot</key>
			<string></string>
			<key>targets</key>
			<array>
				<string>20D12DD5184ED00D00102B82</string>
				<string>20D12DF9184ED00D00102B82</string>
			</array>
		</dict>
		<key>20D12DD1184ED00D00102B82</key>
		<dict>
			<key>buildConfigurations</key>
			<array>
				<string>20D12E09184ED00D00102B82</string>
				<string>20D12E0A184ED00D00102B82</string>
			</array>
			<key>defaultConfigurationIsVisible</key>
			<string>0</string>
			<key>defaultConfigurationName</key>
			<string>Release</string>
			<key>isa</key>
			<string>XCConfigurationList</string>
		</dict>
		<key>20D12DD2184ED00D00102B82</key>
		<dict>
			<key>buildActionMask</key>
			<string>2147483647</string>
			<key>files</key>
			<array>
				<string>20D12E1C184F006300102B82</string>
				<string>20D12E16184EF77E00102B82</string>
				<string>207525D91857AF4900E2B6F2</string>
				<string>20D12E29184F105F00102B82</string>
				<string>207525DC1857C6BD00E2B6F2</string>
				<string>20D12E26184F01E700102B82</string>
				<string>20D12DEA184ED00D00102B82</string>
				<string>207525D51857A02C00E2B6F2</string>
				<string>20D12E19184EF8AB00102B82</string>
				<string>20D12DE6184ED00D00102B82</string>
				<string>20D12E22184F008B00102B82</string>
			</array>
			<key>isa</key>
			<string>PBXSourcesBuildPhase</string>
			<key>runOnlyForDeploymentPostprocessing</key>
			<string>0</string>
		</dict>
		<key>20D12DD3184ED00D00102B82</key>
		<dict>
			<key>buildActionMask</key>
			<string>2147483647</string>
			<key>files</key>
			<array>
				<string>20D12DDC184ED00D00102B82</string>
				<string>20D12DDE184ED00D00102B82</string>
				<string>20D12DDA184ED00D00102B82</string>
				<string>E1F8192F34E542A4A143C0B6</string>
			</array>
			<key>isa</key>
			<string>PBXFrameworksBuildPhase</string>
			<key>runOnlyForDeploymentPostprocessing</key>
			<string>0</string>
		</dict>
		<key>20D12DD4184ED00D00102B82</key>
		<dict>
			<key>buildActionMask</key>
			<string>2147483647</string>
			<key>files</key>
			<array>
				<string>20D12DF0184ED00D00102B82</string>
				<string>20D12DF5184ED00D00102B82</string>
				<string>20D12DED184ED00D00102B82</string>
				<string>20D12DE4184ED00D00102B82</string>
			</array>
			<key>isa</key>
			<string>PBXResourcesBuildPhase</string>
			<key>runOnlyForDeploymentPostprocessing</key>
			<string>0</string>
		</dict>
		<key>20D12DD5184ED00D00102B82</key>
		<dict>
			<key>buildConfigurationList</key>
			<string>20D12E0B184ED00D00102B82</string>
			<key>buildPhases</key>
			<array>
				<string>88B8D15FCEE947C99C0A61D1</string>
				<string>20D12DD2184ED00D00102B82</string>
				<string>20D12DD3184ED00D00102B82</string>
				<string>20D12DD4184ED00D00102B82</string>
				<string>31871204E8A441F5B45276E7</string>
			</array>
			<key>buildRules</key>
			<array/>
			<key>dependencies</key>
			<array/>
			<key>isa</key>
			<string>PBXNativeTarget</string>
			<key>name</key>
			<string>Estimates</string>
			<key>productName</key>
			<string>Estimates</string>
			<key>productReference</key>
			<string>20D12DD6184ED00D00102B82</string>
			<key>productType</key>
			<string>com.apple.product-type.application</string>
		</dict>
		<key>20D12DD6184ED00D00102B82</key>
		<dict>
			<key>explicitFileType</key>
			<string>wrapper.application</string>
			<key>includeInIndex</key>
			<string>0</string>
			<key>isa</key>
			<string>PBXFileReference</string>
			<key>path</key>
			<string>Estimates.app</string>
			<key>sourceTree</key>
			<string>BUILT_PRODUCTS_DIR</string>
		</dict>
		<key>20D12DD7184ED00D00102B82</key>
		<dict>
			<key>children</key>
			<array>
				<string>20D12DD6184ED00D00102B82</string>
				<string>20D12DFA184ED00D00102B82</string>
			</array>
			<key>isa</key>
			<string>PBXGroup</string>
			<key>name</key>
			<string>Products</string>
			<key>sourceTree</key>
			<string>&lt;group&gt;</string>
		</dict>
		<key>20D12DD8184ED00D00102B82</key>
		<dict>
			<key>children</key>
			<array>
				<string>20D12DD9184ED00D00102B82</string>
				<string>20D12DDB184ED00D00102B82</string>
				<string>20D12DDD184ED00D00102B82</string>
				<string>20D12DFB184ED00D00102B82</string>
				<string>B2CE4B34606647E4A340C188</string>
			</array>
			<key>isa</key>
			<string>PBXGroup</string>
			<key>name</key>
			<string>Frameworks</string>
			<key>sourceTree</key>
			<string>&lt;group&gt;</string>
		</dict>
		<key>20D12DD9184ED00D00102B82</key>
		<dict>
			<key>isa</key>
			<string>PBXFileReference</string>
			<key>lastKnownFileType</key>
			<string>wrapper.framework</string>
			<key>name</key>
			<string>Foundation.framework</string>
			<key>path</key>
			<string>System/Library/Frameworks/Foundation.framework</string>
			<key>sourceTree</key>
			<string>SDKROOT</string>
		</dict>
		<key>20D12DDA184ED00D00102B82</key>
		<dict>
			<key>fileRef</key>
			<string>20D12DD9184ED00D00102B82</string>
			<key>isa</key>
			<string>PBXBuildFile</string>
		</dict>
		<key>20D12DDB184ED00D00102B82</key>
		<dict>
			<key>isa</key>
			<string>PBXFileReference</string>
			<key>lastKnownFileType</key>
			<string>wrapper.framework</string>
			<key>name</key>
			<string>CoreGraphics.framework</string>
			<key>path</key>
			<string>System/Library/Frameworks/CoreGraphics.framework</string>
			<key>sourceTree</key>
			<string>SDKROOT</string>
		</dict>
		<key>20D12DDC184ED00D00102B82</key>
		<dict>
			<key>fileRef</key>
			<string>20D12DDB184ED00D00102B82</string>
			<key>isa</key>
			<string>PBXBuildFile</string>
		</dict>
		<key>20D12DDD184ED00D00102B82</key>
		<dict>
			<key>isa</key>
			<string>PBXFileReference</string>
			<key>lastKnownFileType</key>
			<string>wrapper.framework</string>
			<key>name</key>
			<string>UIKit.framework</string>
			<key>path</key>
			<string>System/Library/Frameworks/UIKit.framework</string>
			<key>sourceTree</key>
			<string>SDKROOT</string>
		</dict>
		<key>20D12DDE184ED00D00102B82</key>
		<dict>
			<key>fileRef</key>
			<string>20D12DDD184ED00D00102B82</string>
			<key>isa</key>
			<string>PBXBuildFile</string>
		</dict>
		<key>20D12DDF184ED00D00102B82</key>
		<dict>
			<key>children</key>
			<array>
				<string>207525D218579DC000E2B6F2</string>
				<string>207525D118579D9300E2B6F2</string>
				<string>20D12DE8184ED00D00102B82</string>
				<string>20D12DE9184ED00D00102B82</string>
				<string>207525CE18579D7B00E2B6F2</string>
				<string>207525D018579D8500E2B6F2</string>
				<string>20D12DF4184ED00D00102B82</string>
				<string>207525CD18579D7400E2B6F2</string>
				<string>20D12DE0184ED00D00102B82</string>
				<string>207525CF18579D7F00E2B6F2</string>
			</array>
			<key>isa</key>
			<string>PBXGroup</string>
			<key>path</key>
			<string>Estimates</string>
			<key>sourceTree</key>
			<string>&lt;group&gt;</string>
		</dict>
		<key>20D12DE0184ED00D00102B82</key>
		<dict>
			<key>children</key>
			<array>
				<string>20D12DEE184ED00D00102B82</string>
				<string>20D12DEB184ED00D00102B82</string>
				<string>20D12DE1184ED00D00102B82</string>
				<string>20D12DE2184ED00D00102B82</string>
				<string>20D12DE5184ED00D00102B82</string>
				<string>20D12DE7184ED00D00102B82</string>
			</array>
			<key>isa</key>
			<string>PBXGroup</string>
			<key>name</key>
			<string>Supporting Files</string>
			<key>sourceTree</key>
			<string>&lt;group&gt;</string>
		</dict>
		<key>20D12DE1184ED00D00102B82</key>
		<dict>
			<key>isa</key>
			<string>PBXFileReference</string>
			<key>lastKnownFileType</key>
			<string>text.plist.xml</string>
			<key>path</key>
			<string>Estimates-Info.plist</string>
			<key>sourceTree</key>
			<string>&lt;group&gt;</string>
		</dict>
		<key>20D12DE2184ED00D00102B82</key>
		<dict>
			<key>children</key>
			<array>
				<string>20D12DE3184ED00D00102B82</string>
			</array>
			<key>isa</key>
			<string>PBXVariantGroup</string>
			<key>name</key>
			<string>InfoPlist.strings</string>
			<key>sourceTree</key>
			<string>&lt;group&gt;</string>
		</dict>
		<key>20D12DE3184ED00D00102B82</key>
		<dict>
			<key>isa</key>
			<string>PBXFileReference</string>
			<key>lastKnownFileType</key>
			<string>text.plist.strings</string>
			<key>name</key>
			<string>en</string>
			<key>path</key>
			<string>en.lproj/InfoPlist.strings</string>
			<key>sourceTree</key>
			<string>&lt;group&gt;</string>
		</dict>
		<key>20D12DE4184ED00D00102B82</key>
		<dict>
			<key>fileRef</key>
			<string>20D12DE2184ED00D00102B82</string>
			<key>isa</key>
			<string>PBXBuildFile</string>
		</dict>
		<key>20D12DE5184ED00D00102B82</key>
		<dict>
			<key>isa</key>
			<string>PBXFileReference</string>
			<key>lastKnownFileType</key>
			<string>sourcecode.c.objc</string>
			<key>path</key>
			<string>main.m</string>
			<key>sourceTree</key>
			<string>&lt;group&gt;</string>
		</dict>
		<key>20D12DE6184ED00D00102B82</key>
		<dict>
			<key>fileRef</key>
			<string>20D12DE5184ED00D00102B82</string>
			<key>isa</key>
			<string>PBXBuildFile</string>
		</dict>
		<key>20D12DE7184ED00D00102B82</key>
		<dict>
			<key>isa</key>
			<string>PBXFileReference</string>
			<key>lastKnownFileType</key>
			<string>sourcecode.c.h</string>
			<key>path</key>
			<string>Estimates-Prefix.pch</string>
			<key>sourceTree</key>
			<string>&lt;group&gt;</string>
		</dict>
		<key>20D12DE8184ED00D00102B82</key>
		<dict>
			<key>isa</key>
			<string>PBXFileReference</string>
			<key>lastKnownFileType</key>
			<string>sourcecode.c.h</string>
			<key>path</key>
			<string>AppDelegate.h</string>
			<key>sourceTree</key>
			<string>&lt;group&gt;</string>
		</dict>
		<key>20D12DE9184ED00D00102B82</key>
		<dict>
			<key>isa</key>
			<string>PBXFileReference</string>
			<key>lastKnownFileType</key>
			<string>sourcecode.c.objc</string>
			<key>path</key>
			<string>AppDelegate.m</string>
			<key>sourceTree</key>
			<string>&lt;group&gt;</string>
		</dict>
		<key>20D12DEA184ED00D00102B82</key>
		<dict>
			<key>fileRef</key>
			<string>20D12DE9184ED00D00102B82</string>
			<key>isa</key>
			<string>PBXBuildFile</string>
		</dict>
		<key>20D12DEB184ED00D00102B82</key>
		<dict>
			<key>children</key>
			<array>
				<string>20D12DEC184ED00D00102B82</string>
			</array>
			<key>isa</key>
			<string>PBXVariantGroup</string>
			<key>name</key>
			<string>Main_iPhone.storyboard</string>
			<key>sourceTree</key>
			<string>&lt;group&gt;</string>
		</dict>
		<key>20D12DEC184ED00D00102B82</key>
		<dict>
			<key>isa</key>
			<string>PBXFileReference</string>
			<key>lastKnownFileType</key>
			<string>file.storyboard</string>
			<key>name</key>
			<string>Base</string>
			<key>path</key>
			<string>Base.lproj/Main_iPhone.storyboard</string>
			<key>sourceTree</key>
			<string>&lt;group&gt;</string>
		</dict>
		<key>20D12DED184ED00D00102B82</key>
		<dict>
			<key>fileRef</key>
			<string>20D12DEB184ED00D00102B82</string>
			<key>isa</key>
			<string>PBXBuildFile</string>
		</dict>
		<key>20D12DEE184ED00D00102B82</key>
		<dict>
			<key>children</key>
			<array>
				<string>20D12DEF184ED00D00102B82</string>
			</array>
			<key>isa</key>
			<string>PBXVariantGroup</string>
			<key>name</key>
			<string>Main_iPad.storyboard</string>
			<key>sourceTree</key>
			<string>&lt;group&gt;</string>
		</dict>
		<key>20D12DEF184ED00D00102B82</key>
		<dict>
			<key>isa</key>
			<string>PBXFileReference</string>
			<key>lastKnownFileType</key>
			<string>file.storyboard</string>
			<key>name</key>
			<string>Base</string>
			<key>path</key>
			<string>Base.lproj/Main_iPad.storyboard</string>
			<key>sourceTree</key>
			<string>&lt;group&gt;</string>
		</dict>
		<key>20D12DF0184ED00D00102B82</key>
		<dict>
			<key>fileRef</key>
			<string>20D12DEE184ED00D00102B82</string>
			<key>isa</key>
			<string>PBXBuildFile</string>
		</dict>
		<key>20D12DF4184ED00D00102B82</key>
		<dict>
			<key>isa</key>
			<string>PBXFileReference</string>
			<key>lastKnownFileType</key>
			<string>folder.assetcatalog</string>
			<key>path</key>
			<string>Images.xcassets</string>
			<key>sourceTree</key>
			<string>&lt;group&gt;</string>
		</dict>
		<key>20D12DF5184ED00D00102B82</key>
		<dict>
			<key>fileRef</key>
			<string>20D12DF4184ED00D00102B82</string>
			<key>isa</key>
			<string>PBXBuildFile</string>
		</dict>
		<key>20D12DF6184ED00D00102B82</key>
		<dict>
			<key>buildActionMask</key>
			<string>2147483647</string>
			<key>files</key>
			<array>
				<string>20D12E08184ED00D00102B82</string>
			</array>
			<key>isa</key>
			<string>PBXSourcesBuildPhase</string>
			<key>runOnlyForDeploymentPostprocessing</key>
			<string>0</string>
		</dict>
		<key>20D12DF7184ED00D00102B82</key>
		<dict>
			<key>buildActionMask</key>
			<string>2147483647</string>
			<key>files</key>
			<array>
				<string>20D12DFC184ED00D00102B82</string>
				<string>20D12DFE184ED00D00102B82</string>
				<string>20D12DFD184ED00D00102B82</string>
			</array>
			<key>isa</key>
			<string>PBXFrameworksBuildPhase</string>
			<key>runOnlyForDeploymentPostprocessing</key>
			<string>0</string>
		</dict>
		<key>20D12DF8184ED00D00102B82</key>
		<dict>
			<key>buildActionMask</key>
			<string>2147483647</string>
			<key>files</key>
			<array>
				<string>20D12E06184ED00D00102B82</string>
			</array>
			<key>isa</key>
			<string>PBXResourcesBuildPhase</string>
			<key>runOnlyForDeploymentPostprocessing</key>
			<string>0</string>
		</dict>
		<key>20D12DF9184ED00D00102B82</key>
		<dict>
			<key>buildConfigurationList</key>
			<string>20D12E0E184ED00D00102B82</string>
			<key>buildPhases</key>
			<array>
				<string>20D12DF6184ED00D00102B82</string>
				<string>20D12DF7184ED00D00102B82</string>
				<string>20D12DF8184ED00D00102B82</string>
			</array>
			<key>buildRules</key>
			<array/>
			<key>dependencies</key>
			<array>
				<string>20D12E00184ED00D00102B82</string>
			</array>
			<key>isa</key>
			<string>PBXNativeTarget</string>
			<key>name</key>
			<string>EstimatesTests</string>
			<key>productName</key>
			<string>EstimatesTests</string>
			<key>productReference</key>
			<string>20D12DFA184ED00D00102B82</string>
			<key>productType</key>
			<string>com.apple.product-type.bundle.unit-test</string>
		</dict>
		<key>20D12DFA184ED00D00102B82</key>
		<dict>
			<key>explicitFileType</key>
			<string>wrapper.cfbundle</string>
			<key>includeInIndex</key>
			<string>0</string>
			<key>isa</key>
			<string>PBXFileReference</string>
			<key>path</key>
			<string>EstimatesTests.xctest</string>
			<key>sourceTree</key>
			<string>BUILT_PRODUCTS_DIR</string>
		</dict>
		<key>20D12DFB184ED00D00102B82</key>
		<dict>
			<key>isa</key>
			<string>PBXFileReference</string>
			<key>lastKnownFileType</key>
			<string>wrapper.framework</string>
			<key>name</key>
			<string>XCTest.framework</string>
			<key>path</key>
			<string>Library/Frameworks/XCTest.framework</string>
			<key>sourceTree</key>
			<string>DEVELOPER_DIR</string>
		</dict>
		<key>20D12DFC184ED00D00102B82</key>
		<dict>
			<key>fileRef</key>
			<string>20D12DFB184ED00D00102B82</string>
			<key>isa</key>
			<string>PBXBuildFile</string>
		</dict>
		<key>20D12DFD184ED00D00102B82</key>
		<dict>
			<key>fileRef</key>
			<string>20D12DD9184ED00D00102B82</string>
			<key>isa</key>
			<string>PBXBuildFile</string>
		</dict>
		<key>20D12DFE184ED00D00102B82</key>
		<dict>
			<key>fileRef</key>
			<string>20D12DDD184ED00D00102B82</string>
			<key>isa</key>
			<string>PBXBuildFile</string>
		</dict>
		<key>20D12DFF184ED00D00102B82</key>
		<dict>
			<key>containerPortal</key>
			<string>20D12DCE184ED00D00102B82</string>
			<key>isa</key>
			<string>PBXContainerItemProxy</string>
			<key>proxyType</key>
			<string>1</string>
			<key>remoteGlobalIDString</key>
			<string>20D12DD5184ED00D00102B82</string>
			<key>remoteInfo</key>
			<string>Estimates</string>
		</dict>
		<key>20D12E00184ED00D00102B82</key>
		<dict>
			<key>isa</key>
			<string>PBXTargetDependency</string>
			<key>target</key>
			<string>20D12DD5184ED00D00102B82</string>
			<key>targetProxy</key>
			<string>20D12DFF184ED00D00102B82</string>
		</dict>
		<key>20D12E01184ED00D00102B82</key>
		<dict>
			<key>children</key>
			<array>
				<string>20D12E07184ED00D00102B82</string>
				<string>20D12E02184ED00D00102B82</string>
			</array>
			<key>isa</key>
			<string>PBXGroup</string>
			<key>path</key>
			<string>EstimatesTests</string>
			<key>sourceTree</key>
			<string>&lt;group&gt;</string>
		</dict>
		<key>20D12E02184ED00D00102B82</key>
		<dict>
			<key>children</key>
			<array>
				<string>20D12E03184ED00D00102B82</string>
				<string>20D12E04184ED00D00102B82</string>
			</array>
			<key>isa</key>
			<string>PBXGroup</string>
			<key>name</key>
			<string>Supporting Files</string>
			<key>sourceTree</key>
			<string>&lt;group&gt;</string>
		</dict>
		<key>20D12E03184ED00D00102B82</key>
		<dict>
			<key>isa</key>
			<string>PBXFileReference</string>
			<key>lastKnownFileType</key>
			<string>text.plist.xml</string>
			<key>path</key>
			<string>EstimatesTests-Info.plist</string>
			<key>sourceTree</key>
			<string>&lt;group&gt;</string>
		</dict>
		<key>20D12E04184ED00D00102B82</key>
		<dict>
			<key>children</key>
			<array>
				<string>20D12E05184ED00D00102B82</string>
			</array>
			<key>isa</key>
			<string>PBXVariantGroup</string>
			<key>name</key>
			<string>InfoPlist.strings</string>
			<key>sourceTree</key>
			<string>&lt;group&gt;</string>
		</dict>
		<key>20D12E05184ED00D00102B82</key>
		<dict>
			<key>isa</key>
			<string>PBXFileReference</string>
			<key>lastKnownFileType</key>
			<string>text.plist.strings</string>
			<key>name</key>
			<string>en</string>
			<key>path</key>
			<string>en.lproj/InfoPlist.strings</string>
			<key>sourceTree</key>
			<string>&lt;group&gt;</string>
		</dict>
		<key>20D12E06184ED00D00102B82</key>
		<dict>
			<key>fileRef</key>
			<string>20D12E04184ED00D00102B82</string>
			<key>isa</key>
			<string>PBXBuildFile</string>
		</dict>
		<key>20D12E07184ED00D00102B82</key>
		<dict>
			<key>isa</key>
			<string>PBXFileReference</string>
			<key>lastKnownFileType</key>
			<string>sourcecode.c.objc</string>
			<key>path</key>
			<string>EstimatesTests.m</string>
			<key>sourceTree</key>
			<string>&lt;group&gt;</string>
		</dict>
		<key>20D12E08184ED00D00102B82</key>
		<dict>
			<key>fileRef</key>
			<string>20D12E07184ED00D00102B82</string>
			<key>isa</key>
			<string>PBXBuildFile</string>
		</dict>
		<key>20D12E09184ED00D00102B82</key>
		<dict>
			<key>buildSettings</key>
			<dict>
				<key>ALWAYS_SEARCH_USER_PATHS</key>
				<string>NO</string>
				<key>ARCHS</key>
				<string>$(ARCHS_STANDARD_INCLUDING_64_BIT)</string>
				<key>CLANG_CXX_LANGUAGE_STANDARD</key>
				<string>gnu++0x</string>
				<key>CLANG_CXX_LIBRARY</key>
				<string>libc++</string>
				<key>CLANG_ENABLE_MODULES</key>
				<string>YES</string>
				<key>CLANG_ENABLE_OBJC_ARC</key>
				<string>YES</string>
				<key>CLANG_WARN_BOOL_CONVERSION</key>
				<string>YES</string>
				<key>CLANG_WARN_CONSTANT_CONVERSION</key>
				<string>YES</string>
				<key>CLANG_WARN_DIRECT_OBJC_ISA_USAGE</key>
				<string>YES_ERROR</string>
				<key>CLANG_WARN_EMPTY_BODY</key>
				<string>YES</string>
				<key>CLANG_WARN_ENUM_CONVERSION</key>
				<string>YES</string>
				<key>CLANG_WARN_INT_CONVERSION</key>
				<string>YES</string>
				<key>CLANG_WARN_OBJC_ROOT_CLASS</key>
				<string>YES_ERROR</string>
				<key>CLANG_WARN__DUPLICATE_METHOD_MATCH</key>
				<string>YES</string>
				<key>CODE_SIGN_IDENTITY[sdk=iphoneos*]</key>
				<string>iPhone Developer</string>
				<key>COPY_PHASE_STRIP</key>
				<string>NO</string>
				<key>GCC_C_LANGUAGE_STANDARD</key>
				<string>gnu99</string>
				<key>GCC_DYNAMIC_NO_PIC</key>
				<string>NO</string>
				<key>GCC_OPTIMIZATION_LEVEL</key>
				<string>0</string>
				<key>GCC_PREPROCESSOR_DEFINITIONS</key>
				<array>
					<string>DEBUG=1</string>
					<string>$(inherited)</string>
				</array>
				<key>GCC_SYMBOLS_PRIVATE_EXTERN</key>
				<string>NO</string>
				<key>GCC_WARN_64_TO_32_BIT_CONVERSION</key>
				<string>YES</string>
				<key>GCC_WARN_ABOUT_RETURN_TYPE</key>
				<string>YES_ERROR</string>
				<key>GCC_WARN_UNDECLARED_SELECTOR</key>
				<string>YES</string>
				<key>GCC_WARN_UNINITIALIZED_AUTOS</key>
				<string>YES</string>
				<key>GCC_WARN_UNUSED_FUNCTION</key>
				<string>YES</string>
				<key>GCC_WARN_UNUSED_VARIABLE</key>
				<string>YES</string>
				<key>IPHONEOS_DEPLOYMENT_TARGET</key>
				<string>7.0</string>
				<key>ONLY_ACTIVE_ARCH</key>
				<string>YES</string>
				<key>SDKROOT</key>
				<string>iphoneos</string>
				<key>TARGETED_DEVICE_FAMILY</key>
				<string>1,2</string>
			</dict>
			<key>isa</key>
			<string>XCBuildConfiguration</string>
			<key>name</key>
			<string>Debug</string>
		</dict>
		<key>20D12E0A184ED00D00102B82</key>
		<dict>
			<key>buildSettings</key>
			<dict>
				<key>ALWAYS_SEARCH_USER_PATHS</key>
				<string>NO</string>
				<key>ARCHS</key>
				<string>$(ARCHS_STANDARD_INCLUDING_64_BIT)</string>
				<key>CLANG_CXX_LANGUAGE_STANDARD</key>
				<string>gnu++0x</string>
				<key>CLANG_CXX_LIBRARY</key>
				<string>libc++</string>
				<key>CLANG_ENABLE_MODULES</key>
				<string>YES</string>
				<key>CLANG_ENABLE_OBJC_ARC</key>
				<string>YES</string>
				<key>CLANG_WARN_BOOL_CONVERSION</key>
				<string>YES</string>
				<key>CLANG_WARN_CONSTANT_CONVERSION</key>
				<string>YES</string>
				<key>CLANG_WARN_DIRECT_OBJC_ISA_USAGE</key>
				<string>YES_ERROR</string>
				<key>CLANG_WARN_EMPTY_BODY</key>
				<string>YES</string>
				<key>CLANG_WARN_ENUM_CONVERSION</key>
				<string>YES</string>
				<key>CLANG_WARN_INT_CONVERSION</key>
				<string>YES</string>
				<key>CLANG_WARN_OBJC_ROOT_CLASS</key>
				<string>YES_ERROR</string>
				<key>CLANG_WARN__DUPLICATE_METHOD_MATCH</key>
				<string>YES</string>
				<key>CODE_SIGN_IDENTITY[sdk=iphoneos*]</key>
				<string>iPhone Developer</string>
				<key>COPY_PHASE_STRIP</key>
				<string>YES</string>
				<key>ENABLE_NS_ASSERTIONS</key>
				<string>NO</string>
				<key>GCC_C_LANGUAGE_STANDARD</key>
				<string>gnu99</string>
				<key>GCC_WARN_64_TO_32_BIT_CONVERSION</key>
				<string>YES</string>
				<key>GCC_WARN_ABOUT_RETURN_TYPE</key>
				<string>YES_ERROR</string>
				<key>GCC_WARN_UNDECLARED_SELECTOR</key>
				<string>YES</string>
				<key>GCC_WARN_UNINITIALIZED_AUTOS</key>
				<string>YES</string>
				<key>GCC_WARN_UNUSED_FUNCTION</key>
				<string>YES</string>
				<key>GCC_WARN_UNUSED_VARIABLE</key>
				<string>YES</string>
				<key>IPHONEOS_DEPLOYMENT_TARGET</key>
				<string>7.0</string>
				<key>SDKROOT</key>
				<string>iphoneos</string>
				<key>TARGETED_DEVICE_FAMILY</key>
				<string>1,2</string>
				<key>VALIDATE_PRODUCT</key>
				<string>YES</string>
			</dict>
			<key>isa</key>
			<string>XCBuildConfiguration</string>
			<key>name</key>
			<string>Release</string>
		</dict>
		<key>20D12E0B184ED00D00102B82</key>
		<dict>
			<key>buildConfigurations</key>
			<array>
				<string>20D12E0C184ED00D00102B82</string>
				<string>20D12E0D184ED00D00102B82</string>
			</array>
			<key>defaultConfigurationIsVisible</key>
			<string>0</string>
			<key>defaultConfigurationName</key>
			<string>Release</string>
			<key>isa</key>
			<string>XCConfigurationList</string>
		</dict>
		<key>20D12E0C184ED00D00102B82</key>
		<dict>
			<key>baseConfigurationReference</key>
			<string>C7AF3046DC33424A99A38E7A</string>
			<key>buildSettings</key>
			<dict>
				<key>ASSETCATALOG_COMPILER_APPICON_NAME</key>
				<string>AppIcon</string>
				<key>ASSETCATALOG_COMPILER_LAUNCHIMAGE_NAME</key>
				<string>LaunchImage</string>
				<key>GCC_PRECOMPILE_PREFIX_HEADER</key>
				<string>YES</string>
				<key>GCC_PREFIX_HEADER</key>
				<string>Estimates/Estimates-Prefix.pch</string>
				<key>INFOPLIST_FILE</key>
				<string>Estimates/Estimates-Info.plist</string>
				<key>PRODUCT_NAME</key>
				<string>$(TARGET_NAME)</string>
				<key>WRAPPER_EXTENSION</key>
				<string>app</string>
			</dict>
			<key>isa</key>
			<string>XCBuildConfiguration</string>
			<key>name</key>
			<string>Debug</string>
		</dict>
		<key>20D12E0D184ED00D00102B82</key>
		<dict>
			<key>baseConfigurationReference</key>
			<string>C7AF3046DC33424A99A38E7A</string>
			<key>buildSettings</key>
			<dict>
				<key>ASSETCATALOG_COMPILER_APPICON_NAME</key>
				<string>AppIcon</string>
				<key>ASSETCATALOG_COMPILER_LAUNCHIMAGE_NAME</key>
				<string>LaunchImage</string>
				<key>GCC_PRECOMPILE_PREFIX_HEADER</key>
				<string>YES</string>
				<key>GCC_PREFIX_HEADER</key>
				<string>Estimates/Estimates-Prefix.pch</string>
				<key>INFOPLIST_FILE</key>
				<string>Estimates/Estimates-Info.plist</string>
				<key>PRODUCT_NAME</key>
				<string>$(TARGET_NAME)</string>
				<key>WRAPPER_EXTENSION</key>
				<string>app</string>
			</dict>
			<key>isa</key>
			<string>XCBuildConfiguration</string>
			<key>name</key>
			<string>Release</string>
		</dict>
		<key>20D12E0E184ED00D00102B82</key>
		<dict>
			<key>buildConfigurations</key>
			<array>
				<string>20D12E0F184ED00D00102B82</string>
				<string>20D12E10184ED00D00102B82</string>
			</array>
			<key>defaultConfigurationIsVisible</key>
			<string>0</string>
			<key>defaultConfigurationName</key>
			<string>Release</string>
			<key>isa</key>
			<string>XCConfigurationList</string>
		</dict>
		<key>20D12E0F184ED00D00102B82</key>
		<dict>
			<key>buildSettings</key>
			<dict>
				<key>ARCHS</key>
				<string>$(ARCHS_STANDARD_INCLUDING_64_BIT)</string>
				<key>BUNDLE_LOADER</key>
				<string>$(BUILT_PRODUCTS_DIR)/Estimates.app/Estimates</string>
				<key>FRAMEWORK_SEARCH_PATHS</key>
				<array>
					<string>$(SDKROOT)/Developer/Library/Frameworks</string>
					<string>$(inherited)</string>
					<string>$(DEVELOPER_FRAMEWORKS_DIR)</string>
				</array>
				<key>GCC_PRECOMPILE_PREFIX_HEADER</key>
				<string>YES</string>
				<key>GCC_PREFIX_HEADER</key>
				<string>Estimates/Estimates-Prefix.pch</string>
				<key>GCC_PREPROCESSOR_DEFINITIONS</key>
				<array>
					<string>DEBUG=1</string>
					<string>$(inherited)</string>
				</array>
				<key>INFOPLIST_FILE</key>
				<string>EstimatesTests/EstimatesTests-Info.plist</string>
				<key>PRODUCT_NAME</key>
				<string>$(TARGET_NAME)</string>
				<key>TEST_HOST</key>
				<string>$(BUNDLE_LOADER)</string>
				<key>WRAPPER_EXTENSION</key>
				<string>xctest</string>
			</dict>
			<key>isa</key>
			<string>XCBuildConfiguration</string>
			<key>name</key>
			<string>Debug</string>
		</dict>
		<key>20D12E10184ED00D00102B82</key>
		<dict>
			<key>buildSettings</key>
			<dict>
				<key>ARCHS</key>
				<string>$(ARCHS_STANDARD_INCLUDING_64_BIT)</string>
				<key>BUNDLE_LOADER</key>
				<string>$(BUILT_PRODUCTS_DIR)/Estimates.app/Estimates</string>
				<key>FRAMEWORK_SEARCH_PATHS</key>
				<array>
					<string>$(SDKROOT)/Developer/Library/Frameworks</string>
					<string>$(inherited)</string>
					<string>$(DEVELOPER_FRAMEWORKS_DIR)</string>
				</array>
				<key>GCC_PRECOMPILE_PREFIX_HEADER</key>
				<string>YES</string>
				<key>GCC_PREFIX_HEADER</key>
				<string>Estimates/Estimates-Prefix.pch</string>
				<key>INFOPLIST_FILE</key>
				<string>EstimatesTests/EstimatesTests-Info.plist</string>
				<key>PRODUCT_NAME</key>
				<string>$(TARGET_NAME)</string>
				<key>TEST_HOST</key>
				<string>$(BUNDLE_LOADER)</string>
				<key>WRAPPER_EXTENSION</key>
				<string>xctest</string>
			</dict>
			<key>isa</key>
			<string>XCBuildConfiguration</string>
			<key>name</key>
			<string>Release</string>
		</dict>
		<key>20D12E14184EF77E00102B82</key>
		<dict>
			<key>fileEncoding</key>
			<string>4</string>
			<key>isa</key>
			<string>PBXFileReference</string>
			<key>lastKnownFileType</key>
			<string>sourcecode.c.h</string>
			<key>path</key>
			<string>CustomersListViewController.h</string>
			<key>sourceTree</key>
			<string>&lt;group&gt;</string>
		</dict>
		<key>20D12E15184EF77E00102B82</key>
		<dict>
			<key>fileEncoding</key>
			<string>4</string>
			<key>isa</key>
			<string>PBXFileReference</string>
			<key>lastKnownFileType</key>
			<string>sourcecode.c.objc</string>
			<key>path</key>
			<string>CustomersListViewController.m</string>
			<key>sourceTree</key>
			<string>&lt;group&gt;</string>
		</dict>
		<key>20D12E16184EF77E00102B82</key>
		<dict>
			<key>fileRef</key>
			<string>20D12E15184EF77E00102B82</string>
			<key>isa</key>
			<string>PBXBuildFile</string>
		</dict>
		<key>20D12E17184EF8AB00102B82</key>
		<dict>
			<key>fileEncoding</key>
			<string>4</string>
			<key>isa</key>
			<string>PBXFileReference</string>
			<key>lastKnownFileType</key>
			<string>sourcecode.c.h</string>
			<key>path</key>
			<string>CustomerTableViewController.h</string>
			<key>sourceTree</key>
			<string>&lt;group&gt;</string>
		</dict>
		<key>20D12E18184EF8AB00102B82</key>
		<dict>
			<key>fileEncoding</key>
			<string>4</string>
			<key>isa</key>
			<string>PBXFileReference</string>
			<key>lastKnownFileType</key>
			<string>sourcecode.c.objc</string>
			<key>path</key>
			<string>CustomerTableViewController.m</string>
			<key>sourceTree</key>
			<string>&lt;group&gt;</string>
		</dict>
		<key>20D12E19184EF8AB00102B82</key>
		<dict>
			<key>fileRef</key>
			<string>20D12E18184EF8AB00102B82</string>
			<key>isa</key>
			<string>PBXBuildFile</string>
		</dict>
		<key>20D12E1A184F006300102B82</key>
		<dict>
			<key>fileEncoding</key>
			<string>4</string>
			<key>isa</key>
			<string>PBXFileReference</string>
			<key>lastKnownFileType</key>
			<string>sourcecode.c.h</string>
			<key>path</key>
			<string>AHTextFieldCell.h</string>
			<key>sourceTree</key>
			<string>&lt;group&gt;</string>
		</dict>
		<key>20D12E1B184F006300102B82</key>
		<dict>
			<key>fileEncoding</key>
			<string>4</string>
			<key>isa</key>
			<string>PBXFileReference</string>
			<key>lastKnownFileType</key>
			<string>sourcecode.c.objc</string>
			<key>path</key>
			<string>AHTextFieldCell.m</string>
			<key>sourceTree</key>
			<string>&lt;group&gt;</string>
		</dict>
		<key>20D12E1C184F006300102B82</key>
		<dict>
			<key>fileRef</key>
			<string>20D12E1B184F006300102B82</string>
			<key>isa</key>
			<string>PBXBuildFile</string>
		</dict>
		<key>20D12E20184F008B00102B82</key>
		<dict>
			<key>fileEncoding</key>
			<string>4</string>
			<key>isa</key>
			<string>PBXFileReference</string>
			<key>lastKnownFileType</key>
			<string>sourcecode.c.h</string>
			<key>path</key>
			<string>NewCustomerTableViewController.h</string>
			<key>sourceTree</key>
			<string>&lt;group&gt;</string>
		</dict>
		<key>20D12E21184F008B00102B82</key>
		<dict>
			<key>fileEncoding</key>
			<string>4</string>
			<key>isa</key>
			<string>PBXFileReference</string>
			<key>lastKnownFileType</key>
			<string>sourcecode.c.objc</string>
			<key>path</key>
			<string>NewCustomerTableViewController.m</string>
			<key>sourceTree</key>
			<string>&lt;group&gt;</string>
		</dict>
		<key>20D12E22184F008B00102B82</key>
		<dict>
			<key>fileRef</key>
			<string>20D12E21184F008B00102B82</string>
			<key>isa</key>
			<string>PBXBuildFile</string>
		</dict>
		<key>20D12E24184F01E700102B82</key>
		<dict>
			<key>fileEncoding</key>
			<string>4</string>
			<key>isa</key>
			<string>PBXFileReference</string>
			<key>lastKnownFileType</key>
			<string>sourcecode.c.h</string>
			<key>path</key>
			<string>ListEstimateTableViewController.h</string>
			<key>sourceTree</key>
			<string>&lt;group&gt;</string>
		</dict>
		<key>20D12E25184F01E700102B82</key>
		<dict>
			<key>fileEncoding</key>
			<string>4</string>
			<key>isa</key>
			<string>PBXFileReference</string>
			<key>lastKnownFileType</key>
			<string>sourcecode.c.objc</string>
			<key>path</key>
			<string>ListEstimateTableViewController.m</string>
			<key>sourceTree</key>
			<string>&lt;group&gt;</string>
		</dict>
		<key>20D12E26184F01E700102B82</key>
		<dict>
			<key>fileRef</key>
			<string>20D12E25184F01E700102B82</string>
			<key>isa</key>
			<string>PBXBuildFile</string>
		</dict>
		<key>20D12E27184F105F00102B82</key>
		<dict>
			<key>fileEncoding</key>
			<string>4</string>
			<key>isa</key>
			<string>PBXFileReference</string>
			<key>lastKnownFileType</key>
			<string>sourcecode.c.h</string>
			<key>path</key>
			<string>LineItemTableViewController.h</string>
			<key>sourceTree</key>
			<string>&lt;group&gt;</string>
		</dict>
		<key>20D12E28184F105F00102B82</key>
		<dict>
			<key>fileEncoding</key>
			<string>4</string>
			<key>isa</key>
			<string>PBXFileReference</string>
			<key>lastKnownFileType</key>
			<string>sourcecode.c.objc</string>
			<key>path</key>
			<string>LineItemTableViewController.m</string>
			<key>sourceTree</key>
			<string>&lt;group&gt;</string>
		</dict>
		<key>20D12E29184F105F00102B82</key>
		<dict>
			<key>fileRef</key>
			<string>20D12E28184F105F00102B82</string>
			<key>isa</key>
			<string>PBXBuildFile</string>
		</dict>
		<key>31871204E8A441F5B45276E7</key>
		<dict>
			<key>buildActionMask</key>
			<string>2147483647</string>
			<key>files</key>
			<array/>
			<key>inputPaths</key>
			<array/>
			<key>isa</key>
			<string>PBXShellScriptBuildPhase</string>
			<key>name</key>
			<string>Copy Pods Resources</string>
			<key>outputPaths</key>
			<array/>
			<key>runOnlyForDeploymentPostprocessing</key>
			<string>0</string>
			<key>shellPath</key>
			<string>/bin/sh</string>
			<key>shellScript</key>
			<string>"${SRCROOT}/Pods/Pods-resources.sh"
</string>
			<key>showEnvVarsInLog</key>
			<string>0</string>
		</dict>
		<key>88B8D15FCEE947C99C0A61D1</key>
		<dict>
			<key>buildActionMask</key>
			<string>2147483647</string>
			<key>files</key>
			<array/>
			<key>inputPaths</key>
			<array/>
			<key>isa</key>
			<string>PBXShellScriptBuildPhase</string>
			<key>name</key>
			<string>Check Pods Manifest.lock</string>
			<key>outputPaths</key>
			<array/>
			<key>runOnlyForDeploymentPostprocessing</key>
			<string>0</string>
			<key>shellPath</key>
			<string>/bin/sh</string>
			<key>shellScript</key>
			<string>diff "${PODS_ROOT}/../Podfile.lock" "${PODS_ROOT}/Manifest.lock" &gt; /dev/null
if [[ $? != 0 ]] ; then
    cat &lt;&lt; EOM
error: The sandbox is not in sync with the Podfile.lock. Run 'pod install' or update your CocoaPods installation.
EOM
    exit 1
fi
</string>
			<key>showEnvVarsInLog</key>
			<string>0</string>
		</dict>
		<key>B2CE4B34606647E4A340C188</key>
		<dict>
			<key>explicitFileType</key>
			<string>archive.ar</string>
			<key>includeInIndex</key>
			<string>0</string>
			<key>isa</key>
			<string>PBXFileReference</string>
			<key>path</key>
			<string>libPods.a</string>
			<key>sourceTree</key>
			<string>BUILT_PRODUCTS_DIR</string>
		</dict>
		<key>C7AF3046DC33424A99A38E7A</key>
		<dict>
			<key>includeInIndex</key>
			<string>1</string>
			<key>isa</key>
			<string>PBXFileReference</string>
			<key>lastKnownFileType</key>
			<string>text.xcconfig</string>
			<key>name</key>
			<string>Pods.xcconfig</string>
			<key>path</key>
			<string>Pods/Pods.xcconfig</string>
			<key>sourceTree</key>
			<string>&lt;group&gt;</string>
		</dict>
		<key>E1F8192F34E542A4A143C0B6</key>
		<dict>
			<key>fileRef</key>
			<string>B2CE4B34606647E4A340C188</string>
			<key>isa</key>
			<string>PBXBuildFile</string>
		</dict>
	</dict>
	<key>rootObject</key>
	<string>20D12DCE184ED00D00102B82</string>
</dict>
</plist>
